
Microsoft Visual Studio Solution File, Format Version 12.00
Project("{2150E333-8FDC-42A3-9474-1A3956D46DE8}") = "src", "src", "{FD2E8495-DE71-480B-B34A-8F1A448D9E8B}"
EndProject
Project("{2150E333-8FDC-42A3-9474-1A3956D46DE8}") = "Application", "Application", "{F0C2FEE2-3D3A-4D24-981D-B86D9B183ED0}"
EndProject
Project("{2150E333-8FDC-42A3-9474-1A3956D46DE8}") = "Infrastructure", "Infrastructure", "{9CC69018-6A36-49FE-A287-54F46DBB6C22}"
EndProject
Project("{2150E333-8FDC-42A3-9474-1A3956D46DE8}") = "Domain", "Domain", "{2E9C41CA-4BBB-4D35-A910-89D1C1B1247F}"
EndProject
Project("{2150E333-8FDC-42A3-9474-1A3956D46DE8}") = "Presentation", "Presentation", "{D821C65C-9C67-484F-8332-5ED95F38FCEB}"
EndProject
Project("{FAE04EC0-301F-11D3-BF4B-00C04F79EFBC}") = "WebApi", "src\WebApi\WebApi.csproj", "{8B15B5F0-BBCD-427A-9297-809EFE62C0A3}"
EndProject
Project("{FAE04EC0-301F-11D3-BF4B-00C04F79EFBC}") = "Application", "src\Application\Application.csproj", "{5BF53934-E163-41C3-B8C2-C4AF65E8D254}"
EndProject
Project("{FAE04EC0-301F-11D3-BF4B-00C04F79EFBC}") = "Domain", "src\Domain\Domain.csproj", "{6D17E4E5-06BC-42AB-806C-0D9DAED8341B}"
EndProject
Project("{FAE04EC0-301F-11D3-BF4B-00C04F79EFBC}") = "Infrastructure", "src\Infrastructure\Infrastructure.csproj", "{A2F24DA1-98CD-47F6-A680-C2817B5DEC3B}"
EndProject
Project("{FAE04EC0-301F-11D3-BF4B-00C04F79EFBC}") = "MinimalApi.Library", "..\MinimalApi.Library\src\MinimalApi.Library\MinimalApi.Library.csproj", "{BCA47565-D854-4535-9623-8F41F6744298}"
EndProject
Global
	GlobalSection(SolutionConfigurationPlatforms) = preSolution
		Debug|Any CPU = Debug|Any CPU
		Release|Any CPU = Release|Any CPU
	EndGlobalSection
	GlobalSection(NestedProjects) = preSolution
		{F0C2FEE2-3D3A-4D24-981D-B86D9B183ED0} = {FD2E8495-DE71-480B-B34A-8F1A448D9E8B}
		{9CC69018-6A36-49FE-A287-54F46DBB6C22} = {FD2E8495-DE71-480B-B34A-8F1A448D9E8B}
		{2E9C41CA-4BBB-4D35-A910-89D1C1B1247F} = {FD2E8495-DE71-480B-B34A-8F1A448D9E8B}
		{D821C65C-9C67-484F-8332-5ED95F38FCEB} = {FD2E8495-DE71-480B-B34A-8F1A448D9E8B}
		{8B15B5F0-BBCD-427A-9297-809EFE62C0A3} = {D821C65C-9C67-484F-8332-5ED95F38FCEB}
		{5BF53934-E163-41C3-B8C2-C4AF65E8D254} = {F0C2FEE2-3D3A-4D24-981D-B86D9B183ED0}
		{6D17E4E5-06BC-42AB-806C-0D9DAED8341B} = {2E9C41CA-4BBB-4D35-A910-89D1C1B1247F}
		{A2F24DA1-98CD-47F6-A680-C2817B5DEC3B} = {9CC69018-6A36-49FE-A287-54F46DBB6C22}
		{BCA47565-D854-4535-9623-8F41F6744298} = {FD2E8495-DE71-480B-B34A-8F1A448D9E8B}
	EndGlobalSection
	GlobalSection(ProjectConfigurationPlatforms) = postSolution
		{8B15B5F0-BBCD-427A-9297-809EFE62C0A3}.Debug|Any CPU.ActiveCfg = Debug|Any CPU
		{8B15B5F0-BBCD-427A-9297-809EFE62C0A3}.Debug|Any CPU.Build.0 = Debug|Any CPU
		{8B15B5F0-BBCD-427A-9297-809EFE62C0A3}.Release|Any CPU.ActiveCfg = Release|Any CPU
		{8B15B5F0-BBCD-427A-9297-809EFE62C0A3}.Release|Any CPU.Build.0 = Release|Any CPU
		{5BF53934-E163-41C3-B8C2-C4AF65E8D254}.Debug|Any CPU.ActiveCfg = Debug|Any CPU
		{5BF53934-E163-41C3-B8C2-C4AF65E8D254}.Debug|Any CPU.Build.0 = Debug|Any CPU
		{5BF53934-E163-41C3-B8C2-C4AF65E8D254}.Release|Any CPU.ActiveCfg = Release|Any CPU
		{5BF53934-E163-41C3-B8C2-C4AF65E8D254}.Release|Any CPU.Build.0 = Release|Any CPU
		{6D17E4E5-06BC-42AB-806C-0D9DAED8341B}.Debug|Any CPU.ActiveCfg = Debug|Any CPU
		{6D17E4E5-06BC-42AB-806C-0D9DAED8341B}.Debug|Any CPU.Build.0 = Debug|Any CPU
		{6D17E4E5-06BC-42AB-806C-0D9DAED8341B}.Release|Any CPU.ActiveCfg = Release|Any CPU
		{6D17E4E5-06BC-42AB-806C-0D9DAED8341B}.Release|Any CPU.Build.0 = Release|Any CPU
		{A2F24DA1-98CD-47F6-A680-C2817B5DEC3B}.Debug|Any CPU.ActiveCfg = Debug|Any CPU
		{A2F24DA1-98CD-47F6-A680-C2817B5DEC3B}.Debug|Any CPU.Build.0 = Debug|Any CPU
		{A2F24DA1-98CD-47F6-A680-C2817B5DEC3B}.Release|Any CPU.ActiveCfg = Release|Any CPU
		{A2F24DA1-98CD-47F6-A680-C2817B5DEC3B}.Release|Any CPU.Build.0 = Release|Any CPU
		{BCA47565-D854-4535-9623-8F41F6744298}.Debug|Any CPU.ActiveCfg = Debug|Any CPU
		{BCA47565-D854-4535-9623-8F41F6744298}.Debug|Any CPU.Build.0 = Debug|Any CPU
		{BCA47565-D854-4535-9623-8F41F6744298}.Release|Any CPU.ActiveCfg = Release|Any CPU
		{BCA47565-D854-4535-9623-8F41F6744298}.Release|Any CPU.Build.0 = Release|Any CPU
	EndGlobalSection
EndGlobal
